{
  "name": "api-astn-typedhandlers",
  "version": "0.1.0",
  "lockfileVersion": 2,
  "requires": true,
  "packages": {
    "": {
      "name": "api-astn-typedhandlers",
      "version": "0.1.0",
      "license": "ISC",
      "dependencies": {
        "api-astn-handlers": "^0.1.0",
        "pareto-core-types": "^0.2.0"
      }
    },
    "node_modules/api-astn-handlers": {
      "version": "0.1.0",
      "resolved": "https://registry.npmjs.org/api-astn-handlers/-/api-astn-handlers-0.1.0.tgz",
      "integrity": "sha512-BKmpa6Jz2twtwBcNY4AD4xAHrOdFVejWWHHBlyW7yRhtVkgcc9sWxXD0Z1Ru5qdhUCPtqIt9aknikli/6QDW3g==",
      "dependencies": {
        "pareto-core-types": "^0.1.0"
      }
    },
    "node_modules/api-astn-handlers/node_modules/pareto-core-types": {
      "version": "0.1.0",
      "resolved": "https://registry.npmjs.org/pareto-core-types/-/pareto-core-types-0.1.0.tgz",
      "integrity": "sha512-0HzkufJz11Lus9Kt1AS5+ihBMjyJvpmw2/lQHOYhhIv8WwrTBpIsYJusEzrlnq2+wWAoK46giQeHFky2YQAnaw=="
    },
    "node_modules/pareto-core-types": {
      "version": "0.2.0",
      "resolved": "https://registry.npmjs.org/pareto-core-types/-/pareto-core-types-0.2.0.tgz",
      "integrity": "sha512-XopY0slTv5wAObZu0nOSsz6O86K/peQhVu+bqIBMJRKiewjawmIOqa9e8JHlFyXdMHxa0Ek4zDThWQVkiBCsKQ=="
    }
  },
  "dependencies": {
    "api-astn-handlers": {
      "version": "0.1.0",
      "resolved": "https://registry.npmjs.org/api-astn-handlers/-/api-astn-handlers-0.1.0.tgz",
      "integrity": "sha512-BKmpa6Jz2twtwBcNY4AD4xAHrOdFVejWWHHBlyW7yRhtVkgcc9sWxXD0Z1Ru5qdhUCPtqIt9aknikli/6QDW3g==",
      "requires": {
        "pareto-core-types": "^0.1.0"
      },
      "dependencies": {
        "pareto-core-types": {
          "version": "0.1.0",
          "resolved": "https://registry.npmjs.org/pareto-core-types/-/pareto-core-types-0.1.0.tgz",
          "integrity": "sha512-0HzkufJz11Lus9Kt1AS5+ihBMjyJvpmw2/lQHOYhhIv8WwrTBpIsYJusEzrlnq2+wWAoK46giQeHFky2YQAnaw=="
        }
      }
    },
    "pareto-core-types": {
      "version": "0.2.0",
      "resolved": "https://registry.npmjs.org/pareto-core-types/-/pareto-core-types-0.2.0.tgz",
      "integrity": "sha512-XopY0slTv5wAObZu0nOSsz6O86K/peQhVu+bqIBMJRKiewjawmIOqa9e8JHlFyXdMHxa0Ek4zDThWQVkiBCsKQ=="
    }
  }
}
